
Microsoft Visual Studio Solution File, Format Version 12.00
# Visual Studio Version 16
VisualStudioVersion = 16.0.29102.190
MinimumVisualStudioVersion = 10.0.40219.1
Project("{8BC9CEB8-8B4A-11D0-8D11-00A0C91BC942}") = "libdaisy", "libdaisy.vcxproj", "{1B07A9D3-1E1B-488A-9817-4B13EECA191C}"
EndProject
Global
	GlobalSection(SolutionConfigurationPlatforms) = preSolution
		Debug|VisualGDB = Debug|VisualGDB
		Release|VisualGDB = Release|VisualGDB
	EndGlobalSection
	GlobalSection(ProjectConfigurationPlatforms) = postSolution
		{1B07A9D3-1E1B-488A-9817-4B13EECA191C}.Debug|VisualGDB.ActiveCfg = Debug|VisualGDB
		{1B07A9D3-1E1B-488A-9817-4B13EECA191C}.Debug|VisualGDB.Build.0 = Debug|VisualGDB
		{1B07A9D3-1E1B-488A-9817-4B13EECA191C}.Release|VisualGDB.ActiveCfg = Release|VisualGDB
		{1B07A9D3-1E1B-488A-9817-4B13EECA191C}.Release|VisualGDB.Build.0 = Release|VisualGDB
	EndGlobalSection
	GlobalSection(SolutionProperties) = preSolution
		HideSolutionNode = FALSE
	EndGlobalSection
	GlobalSection(ExtensibilityGlobals) = postSolution
		SolutionGuid = {FEEEED97-7011-49E6-A631-8319C87DDED7}
	EndGlobalSection
EndGlobal
