<?xml version="1.0" encoding="utf-8"?>
<Project ToolsVersion="4.0" xmlns="http://schemas.microsoft.com/developer/msbuild/2003">
  <ItemGroup>
    <ClCompile Include="Drivers\STM32H7xx_HAL_Driver\Src\stm32h7xx_hal.c">
      <Filter>HAL</Filter>
    </ClCompile>
    <ClCompile Include="Drivers\STM32H7xx_HAL_Driver\Src\stm32h7xx_hal_adc.c">
      <Filter>HAL</Filter>
    </ClCompile>
    <ClCompile Include="Drivers\STM32H7xx_HAL_Driver\Src\stm32h7xx_hal_adc_ex.c">
      <Filter>HAL</Filter>
    </ClCompile>
    <ClCompile Include="Drivers\STM32H7xx_HAL_Driver\Src\stm32h7xx_hal_cec.c">
      <Filter>HAL</Filter>
    </ClCompile>
    <ClCompile Include="Drivers\STM32H7xx_HAL_Driver\Src\stm32h7xx_hal_comp.c">
      <Filter>HAL</Filter>
    </ClCompile>
    <ClCompile Include="Drivers\STM32H7xx_HAL_Driver\Src\stm32h7xx_hal_cortex.c">
      <Filter>HAL</Filter>
    </ClCompile>
    <ClCompile Include="Drivers\STM32H7xx_HAL_Driver\Src\stm32h7xx_hal_crc.c">
      <Filter>HAL</Filter>
    </ClCompile>
    <ClCompile Include="Drivers\STM32H7xx_HAL_Driver\Src\stm32h7xx_hal_crc_ex.c">
      <Filter>HAL</Filter>
    </ClCompile>
    <ClCompile Include="Drivers\STM32H7xx_HAL_Driver\Src\stm32h7xx_hal_cryp.c">
      <Filter>HAL</Filter>
    </ClCompile>
    <ClCompile Include="Drivers\STM32H7xx_HAL_Driver\Src\stm32h7xx_hal_cryp_ex.c">
      <Filter>HAL</Filter>
    </ClCompile>
    <ClCompile Include="Drivers\STM32H7xx_HAL_Driver\Src\stm32h7xx_hal_dac.c">
      <Filter>HAL</Filter>
    </ClCompile>
    <ClCompile Include="Drivers\STM32H7xx_HAL_Driver\Src\stm32h7xx_hal_dac_ex.c">
      <Filter>HAL</Filter>
    </ClCompile>
    <ClCompile Include="Drivers\STM32H7xx_HAL_Driver\Src\stm32h7xx_hal_dcmi.c">
      <Filter>HAL</Filter>
    </ClCompile>
    <ClCompile Include="Drivers\STM32H7xx_HAL_Driver\Src\stm32h7xx_hal_dfsdm.c">
      <Filter>HAL</Filter>
    </ClCompile>
    <ClCompile Include="Drivers\STM32H7xx_HAL_Driver\Src\stm32h7xx_hal_dma.c">
      <Filter>HAL</Filter>
    </ClCompile>
    <ClCompile Include="Drivers\STM32H7xx_HAL_Driver\Src\stm32h7xx_hal_dma_ex.c">
      <Filter>HAL</Filter>
    </ClCompile>
    <ClCompile Include="Drivers\STM32H7xx_HAL_Driver\Src\stm32h7xx_hal_dma2d.c">
      <Filter>HAL</Filter>
    </ClCompile>
    <ClCompile Include="Drivers\STM32H7xx_HAL_Driver\Src\stm32h7xx_hal_dsi.c">
      <Filter>HAL</Filter>
    </ClCompile>
    <ClCompile Include="Drivers\STM32H7xx_HAL_Driver\Src\stm32h7xx_hal_eth.c">
      <Filter>HAL</Filter>
    </ClCompile>
    <ClCompile Include="Drivers\STM32H7xx_HAL_Driver\Src\stm32h7xx_hal_eth_ex.c">
      <Filter>HAL</Filter>
    </ClCompile>
    <ClCompile Include="Drivers\STM32H7xx_HAL_Driver\Src\stm32h7xx_hal_exti.c">
      <Filter>HAL</Filter>
    </ClCompile>
    <ClCompile Include="Drivers\STM32H7xx_HAL_Driver\Src\stm32h7xx_hal_fdcan.c">
      <Filter>HAL</Filter>
    </ClCompile>
    <ClCompile Include="Drivers\STM32H7xx_HAL_Driver\Src\stm32h7xx_hal_flash.c">
      <Filter>HAL</Filter>
    </ClCompile>
    <ClCompile Include="Drivers\STM32H7xx_HAL_Driver\Src\stm32h7xx_hal_flash_ex.c">
      <Filter>HAL</Filter>
    </ClCompile>
    <ClCompile Include="Drivers\STM32H7xx_HAL_Driver\Src\stm32h7xx_hal_gpio.c">
      <Filter>HAL</Filter>
    </ClCompile>
    <ClCompile Include="Drivers\STM32H7xx_HAL_Driver\Src\stm32h7xx_hal_hash.c">
      <Filter>HAL</Filter>
    </ClCompile>
    <ClCompile Include="Drivers\STM32H7xx_HAL_Driver\Src\stm32h7xx_hal_hash_ex.c">
      <Filter>HAL</Filter>
    </ClCompile>
    <ClCompile Include="Drivers\STM32H7xx_HAL_Driver\Src\stm32h7xx_hal_hcd.c">
      <Filter>HAL</Filter>
    </ClCompile>
    <ClCompile Include="Drivers\STM32H7xx_HAL_Driver\Src\stm32h7xx_hal_hrtim.c">
      <Filter>HAL</Filter>
    </ClCompile>
    <ClCompile Include="Drivers\STM32H7xx_HAL_Driver\Src\stm32h7xx_hal_hsem.c">
      <Filter>HAL</Filter>
    </ClCompile>
    <ClCompile Include="Drivers\STM32H7xx_HAL_Driver\Src\stm32h7xx_hal_i2c.c">
      <Filter>HAL</Filter>
    </ClCompile>
    <ClCompile Include="Drivers\STM32H7xx_HAL_Driver\Src\stm32h7xx_hal_i2c_ex.c">
      <Filter>HAL</Filter>
    </ClCompile>
    <ClCompile Include="Drivers\STM32H7xx_HAL_Driver\Src\stm32h7xx_hal_i2s.c">
      <Filter>HAL</Filter>
    </ClCompile>
    <ClCompile Include="Drivers\STM32H7xx_HAL_Driver\Src\stm32h7xx_hal_i2s_ex.c">
      <Filter>HAL</Filter>
    </ClCompile>
    <ClCompile Include="Drivers\STM32H7xx_HAL_Driver\Src\stm32h7xx_hal_irda.c">
      <Filter>HAL</Filter>
    </ClCompile>
    <ClCompile Include="Drivers\STM32H7xx_HAL_Driver\Src\stm32h7xx_hal_iwdg.c">
      <Filter>HAL</Filter>
    </ClCompile>
    <ClCompile Include="Drivers\STM32H7xx_HAL_Driver\Src\stm32h7xx_hal_jpeg.c">
      <Filter>HAL</Filter>
    </ClCompile>
    <ClCompile Include="Drivers\STM32H7xx_HAL_Driver\Src\stm32h7xx_hal_lptim.c">
      <Filter>HAL</Filter>
    </ClCompile>
    <ClCompile Include="Drivers\STM32H7xx_HAL_Driver\Src\stm32h7xx_hal_ltdc.c">
      <Filter>HAL</Filter>
    </ClCompile>
    <ClCompile Include="Drivers\STM32H7xx_HAL_Driver\Src\stm32h7xx_hal_ltdc_ex.c">
      <Filter>HAL</Filter>
    </ClCompile>
    <ClCompile Include="Drivers\STM32H7xx_HAL_Driver\Src\stm32h7xx_hal_mdios.c">
      <Filter>HAL</Filter>
    </ClCompile>
    <ClCompile Include="Drivers\STM32H7xx_HAL_Driver\Src\stm32h7xx_hal_mdma.c">
      <Filter>HAL</Filter>
    </ClCompile>
    <ClCompile Include="Drivers\STM32H7xx_HAL_Driver\Src\stm32h7xx_hal_mmc.c">
      <Filter>HAL</Filter>
    </ClCompile>
    <ClCompile Include="Drivers\STM32H7xx_HAL_Driver\Src\stm32h7xx_hal_mmc_ex.c">
      <Filter>HAL</Filter>
    </ClCompile>
    <ClCompile Include="Drivers\STM32H7xx_HAL_Driver\Src\stm32h7xx_hal_msp_template.c">
      <Filter>HAL</Filter>
    </ClCompile>
    <ClCompile Include="Drivers\STM32H7xx_HAL_Driver\Src\stm32h7xx_hal_nand.c">
      <Filter>HAL</Filter>
    </ClCompile>
    <ClCompile Include="Drivers\STM32H7xx_HAL_Driver\Src\stm32h7xx_hal_nor.c">
      <Filter>HAL</Filter>
    </ClCompile>
    <ClCompile Include="Drivers\STM32H7xx_HAL_Driver\Src\stm32h7xx_hal_opamp.c">
      <Filter>HAL</Filter>
    </ClCompile>
    <ClCompile Include="Drivers\STM32H7xx_HAL_Driver\Src\stm32h7xx_hal_opamp_ex.c">
      <Filter>HAL</Filter>
    </ClCompile>
    <ClCompile Include="Drivers\STM32H7xx_HAL_Driver\Src\stm32h7xx_hal_pcd.c">
      <Filter>HAL</Filter>
    </ClCompile>
    <ClCompile Include="Drivers\STM32H7xx_HAL_Driver\Src\stm32h7xx_hal_pcd_ex.c">
      <Filter>HAL</Filter>
    </ClCompile>
    <ClCompile Include="Drivers\STM32H7xx_HAL_Driver\Src\stm32h7xx_hal_pwr.c">
      <Filter>HAL</Filter>
    </ClCompile>
    <ClCompile Include="Drivers\STM32H7xx_HAL_Driver\Src\stm32h7xx_hal_pwr_ex.c">
      <Filter>HAL</Filter>
    </ClCompile>
    <ClCompile Include="Drivers\STM32H7xx_HAL_Driver\Src\stm32h7xx_hal_qspi.c">
      <Filter>HAL</Filter>
    </ClCompile>
    <ClCompile Include="Drivers\STM32H7xx_HAL_Driver\Src\stm32h7xx_hal_ramecc.c">
      <Filter>HAL</Filter>
    </ClCompile>
    <ClCompile Include="Drivers\STM32H7xx_HAL_Driver\Src\stm32h7xx_hal_rcc.c">
      <Filter>HAL</Filter>
    </ClCompile>
    <ClCompile Include="Drivers\STM32H7xx_HAL_Driver\Src\stm32h7xx_hal_rcc_ex.c">
      <Filter>HAL</Filter>
    </ClCompile>
    <ClCompile Include="Drivers\STM32H7xx_HAL_Driver\Src\stm32h7xx_hal_rng.c">
      <Filter>HAL</Filter>
    </ClCompile>
    <ClCompile Include="Drivers\STM32H7xx_HAL_Driver\Src\stm32h7xx_hal_rtc.c">
      <Filter>HAL</Filter>
    </ClCompile>
    <ClCompile Include="Drivers\STM32H7xx_HAL_Driver\Src\stm32h7xx_hal_rtc_ex.c">
      <Filter>HAL</Filter>
    </ClCompile>
    <ClCompile Include="Drivers\STM32H7xx_HAL_Driver\Src\stm32h7xx_hal_sai.c">
      <Filter>HAL</Filter>
    </ClCompile>
    <ClCompile Include="Drivers\STM32H7xx_HAL_Driver\Src\stm32h7xx_hal_sai_ex.c">
      <Filter>HAL</Filter>
    </ClCompile>
    <ClCompile Include="Drivers\STM32H7xx_HAL_Driver\Src\stm32h7xx_hal_sd.c">
      <Filter>HAL</Filter>
    </ClCompile>
    <ClCompile Include="Drivers\STM32H7xx_HAL_Driver\Src\stm32h7xx_hal_sd_ex.c">
      <Filter>HAL</Filter>
    </ClCompile>
    <ClCompile Include="Drivers\STM32H7xx_HAL_Driver\Src\stm32h7xx_hal_sdram.c">
      <Filter>HAL</Filter>
    </ClCompile>
    <ClCompile Include="Drivers\STM32H7xx_HAL_Driver\Src\stm32h7xx_hal_smartcard.c">
      <Filter>HAL</Filter>
    </ClCompile>
    <ClCompile Include="Drivers\STM32H7xx_HAL_Driver\Src\stm32h7xx_hal_smartcard_ex.c">
      <Filter>HAL</Filter>
    </ClCompile>
    <ClCompile Include="Drivers\STM32H7xx_HAL_Driver\Src\stm32h7xx_hal_smbus.c">
      <Filter>HAL</Filter>
    </ClCompile>
    <ClCompile Include="Drivers\STM32H7xx_HAL_Driver\Src\stm32h7xx_hal_spdifrx.c">
      <Filter>HAL</Filter>
    </ClCompile>
    <ClCompile Include="Drivers\STM32H7xx_HAL_Driver\Src\stm32h7xx_hal_spi.c">
      <Filter>HAL</Filter>
    </ClCompile>
    <ClCompile Include="Drivers\STM32H7xx_HAL_Driver\Src\stm32h7xx_hal_spi_ex.c">
      <Filter>HAL</Filter>
    </ClCompile>
    <ClCompile Include="Drivers\STM32H7xx_HAL_Driver\Src\stm32h7xx_hal_sram.c">
      <Filter>HAL</Filter>
    </ClCompile>
    <ClCompile Include="Drivers\STM32H7xx_HAL_Driver\Src\stm32h7xx_hal_swpmi.c">
      <Filter>HAL</Filter>
    </ClCompile>
    <ClCompile Include="Drivers\STM32H7xx_HAL_Driver\Src\stm32h7xx_hal_tim.c">
      <Filter>HAL</Filter>
    </ClCompile>
    <ClCompile Include="Drivers\STM32H7xx_HAL_Driver\Src\stm32h7xx_hal_tim_ex.c">
      <Filter>HAL</Filter>
    </ClCompile>
    <ClCompile Include="Drivers\STM32H7xx_HAL_Driver\Src\stm32h7xx_hal_timebase_rtc_alarm_template.c">
      <Filter>HAL</Filter>
    </ClCompile>
    <ClCompile Include="Drivers\STM32H7xx_HAL_Driver\Src\stm32h7xx_hal_timebase_rtc_wakeup_template.c">
      <Filter>HAL</Filter>
    </ClCompile>
    <ClCompile Include="Drivers\STM32H7xx_HAL_Driver\Src\stm32h7xx_hal_timebase_tim_template.c">
      <Filter>HAL</Filter>
    </ClCompile>
    <ClCompile Include="Drivers\STM32H7xx_HAL_Driver\Src\stm32h7xx_hal_uart.c">
      <Filter>HAL</Filter>
    </ClCompile>
    <ClCompile Include="Drivers\STM32H7xx_HAL_Driver\Src\stm32h7xx_hal_uart_ex.c">
      <Filter>HAL</Filter>
    </ClCompile>
    <ClCompile Include="Drivers\STM32H7xx_HAL_Driver\Src\stm32h7xx_hal_usart.c">
      <Filter>HAL</Filter>
    </ClCompile>
    <ClCompile Include="Drivers\STM32H7xx_HAL_Driver\Src\stm32h7xx_hal_usart_ex.c">
      <Filter>HAL</Filter>
    </ClCompile>
    <ClCompile Include="Drivers\STM32H7xx_HAL_Driver\Src\stm32h7xx_hal_wwdg.c">
      <Filter>HAL</Filter>
    </ClCompile>
    <ClCompile Include="Drivers\STM32H7xx_HAL_Driver\Src\stm32h7xx_ll_adc.c">
      <Filter>HAL</Filter>
    </ClCompile>
    <ClCompile Include="Drivers\STM32H7xx_HAL_Driver\Src\stm32h7xx_ll_bdma.c">
      <Filter>HAL</Filter>
    </ClCompile>
    <ClCompile Include="Drivers\STM32H7xx_HAL_Driver\Src\stm32h7xx_ll_comp.c">
      <Filter>HAL</Filter>
    </ClCompile>
    <ClCompile Include="Drivers\STM32H7xx_HAL_Driver\Src\stm32h7xx_ll_crc.c">
      <Filter>HAL</Filter>
    </ClCompile>
    <ClCompile Include="Drivers\STM32H7xx_HAL_Driver\Src\stm32h7xx_ll_dac.c">
      <Filter>HAL</Filter>
    </ClCompile>
    <ClCompile Include="Drivers\STM32H7xx_HAL_Driver\Src\stm32h7xx_ll_delayblock.c">
      <Filter>HAL</Filter>
    </ClCompile>
    <ClCompile Include="Drivers\STM32H7xx_HAL_Driver\Src\stm32h7xx_ll_dma.c">
      <Filter>HAL</Filter>
    </ClCompile>
    <ClCompile Include="Drivers\STM32H7xx_HAL_Driver\Src\stm32h7xx_ll_dma2d.c">
      <Filter>HAL</Filter>
    </ClCompile>
    <ClCompile Include="Drivers\STM32H7xx_HAL_Driver\Src\stm32h7xx_ll_exti.c">
      <Filter>HAL</Filter>
    </ClCompile>
    <ClCompile Include="Drivers\STM32H7xx_HAL_Driver\Src\stm32h7xx_ll_fmc.c">
      <Filter>HAL</Filter>
    </ClCompile>
    <ClCompile Include="Drivers\STM32H7xx_HAL_Driver\Src\stm32h7xx_ll_gpio.c">
      <Filter>HAL</Filter>
    </ClCompile>
    <ClCompile Include="Drivers\STM32H7xx_HAL_Driver\Src\stm32h7xx_ll_hrtim.c">
      <Filter>HAL</Filter>
    </ClCompile>
    <ClCompile Include="Drivers\STM32H7xx_HAL_Driver\Src\stm32h7xx_ll_i2c.c">
      <Filter>HAL</Filter>
    </ClCompile>
    <ClCompile Include="Drivers\STM32H7xx_HAL_Driver\Src\stm32h7xx_ll_lptim.c">
      <Filter>HAL</Filter>
    </ClCompile>
    <ClCompile Include="Drivers\STM32H7xx_HAL_Driver\Src\stm32h7xx_ll_lpuart.c">
      <Filter>HAL</Filter>
    </ClCompile>
    <ClCompile Include="Drivers\STM32H7xx_HAL_Driver\Src\stm32h7xx_ll_mdma.c">
      <Filter>HAL</Filter>
    </ClCompile>
    <ClCompile Include="Drivers\STM32H7xx_HAL_Driver\Src\stm32h7xx_ll_opamp.c">
      <Filter>HAL</Filter>
    </ClCompile>
    <ClCompile Include="Drivers\STM32H7xx_HAL_Driver\Src\stm32h7xx_ll_pwr.c">
      <Filter>HAL</Filter>
    </ClCompile>
    <ClCompile Include="Drivers\STM32H7xx_HAL_Driver\Src\stm32h7xx_ll_rcc.c">
      <Filter>HAL</Filter>
    </ClCompile>
    <ClCompile Include="Drivers\STM32H7xx_HAL_Driver\Src\stm32h7xx_ll_rng.c">
      <Filter>HAL</Filter>
    </ClCompile>
    <ClCompile Include="Drivers\STM32H7xx_HAL_Driver\Src\stm32h7xx_ll_rtc.c">
      <Filter>HAL</Filter>
    </ClCompile>
    <ClCompile Include="Drivers\STM32H7xx_HAL_Driver\Src\stm32h7xx_ll_sdmmc.c">
      <Filter>HAL</Filter>
    </ClCompile>
    <ClCompile Include="Drivers\STM32H7xx_HAL_Driver\Src\stm32h7xx_ll_spi.c">
      <Filter>HAL</Filter>
    </ClCompile>
    <ClCompile Include="Drivers\STM32H7xx_HAL_Driver\Src\stm32h7xx_ll_swpmi.c">
      <Filter>HAL</Filter>
    </ClCompile>
    <ClCompile Include="Drivers\STM32H7xx_HAL_Driver\Src\stm32h7xx_ll_tim.c">
      <Filter>HAL</Filter>
    </ClCompile>
    <ClCompile Include="Drivers\STM32H7xx_HAL_Driver\Src\stm32h7xx_ll_usart.c">
      <Filter>HAL</Filter>
    </ClCompile>
    <ClCompile Include="Drivers\STM32H7xx_HAL_Driver\Src\stm32h7xx_ll_usb.c">
      <Filter>HAL</Filter>
    </ClCompile>
    <ClCompile Include="Drivers\STM32H7xx_HAL_Driver\Src\stm32h7xx_ll_utils.c">
      <Filter>HAL</Filter>
    </ClCompile>
    <ClCompile Include="Middlewares\Third_Party\FatFs\src\diskio.c">
      <Filter>Middleware_FatFS</Filter>
    </ClCompile>
    <ClCompile Include="Middlewares\Third_Party\FatFs\src\ff.c">
      <Filter>Middleware_FatFS</Filter>
    </ClCompile>
    <ClCompile Include="Middlewares\Third_Party\FatFs\src\ff_gen_drv.c">
      <Filter>Middleware_FatFS</Filter>
    </ClCompile>
    <ClCompile Include="Middlewares\ST\STM32_USB_Device_Library\Class\CDC\Src\usbd_cdc.c">
      <Filter>Middleware_USB</Filter>
    </ClCompile>
    <ClCompile Include="Middlewares\ST\STM32_USB_Device_Library\Core\Src\usbd_core.c">
      <Filter>Middleware_USB</Filter>
    </ClCompile>
    <ClCompile Include="Middlewares\ST\STM32_USB_Device_Library\Core\Src\usbd_ctlreq.c">
      <Filter>Middleware_USB</Filter>
    </ClCompile>
    <ClCompile Include="Middlewares\ST\STM32_USB_Device_Library\Core\Src\usbd_ioreq.c">
      <Filter>Middleware_USB</Filter>
    </ClCompile>
    <ClCompile Include="src\sys\fatfs.c">
      <Filter>sys</Filter>
    </ClCompile>
    <ClCompile Include="src\sys\system_stm32h7xx.c">
      <Filter>sys</Filter>
    </ClCompile>
    <ClCompile Include="src\sys\dma.c">
      <Filter>sys</Filter>
    </ClCompile>
    <ClCompile Include="src\per\adc.cpp">
      <Filter>per</Filter>
    </ClCompile>
    <ClCompile Include="src\per\gpio.c">
      <Filter>per</Filter>
    </ClCompile>
    <ClCompile Include="src\per\i2c.cpp">
      <Filter>per</Filter>
    </ClCompile>
    <ClCompile Include="src\per\qspi.c">
      <Filter>per</Filter>
    </ClCompile>
    <ClCompile Include="src\per\sdmmc.cpp">
      <Filter>per</Filter>
    </ClCompile>
    <ClCompile Include="src\per\spi.cpp">
      <Filter>per</Filter>
    </ClCompile>
    <ClCompile Include="src\per\uart.cpp">
      <Filter>per</Filter>
    </ClCompile>
    <ClCompile Include="src\hid\ctrl.cpp">
      <Filter>hid</Filter>
    </ClCompile>
    <ClCompile Include="src\hid\encoder.cpp">
      <Filter>hid</Filter>
    </ClCompile>
    <ClCompile Include="src\hid\gatein.cpp">
      <Filter>hid</Filter>
    </ClCompile>
    <ClCompile Include="src\hid\led.cpp">
      <Filter>hid</Filter>
    </ClCompile>
    <ClCompile Include="src\hid\oled_display.cpp">
      <Filter>hid</Filter>
    </ClCompile>
    <ClCompile Include="src\hid\parameter.cpp">
      <Filter>hid</Filter>
    </ClCompile>
    <ClCompile Include="src\hid\rgb_led.cpp">
      <Filter>hid</Filter>
    </ClCompile>
    <ClCompile Include="src\hid\switch.cpp">
      <Filter>hid</Filter>
    </ClCompile>
    <ClCompile Include="src\hid\usb.cpp">
      <Filter>hid</Filter>
    </ClCompile>
    <ClCompile Include="src\hid\wavplayer.cpp">
      <Filter>hid</Filter>
    </ClCompile>
    <ClCompile Include="src\dev\sdram.c">
      <Filter>dev</Filter>
    </ClCompile>
    <ClCompile Include="src\util\unique_id.c">
      <Filter>util</Filter>
    </ClCompile>
    <ClCompile Include="src\util\sd_diskio.c">
      <Filter>util</Filter>
    </ClCompile>
    <ClCompile Include="src\util\oled_fonts.c">
      <Filter>util</Filter>
    </ClCompile>
    <ClCompile Include="src\util\hal_map.c">
      <Filter>util</Filter>
    </ClCompile>
    <ClCompile Include="src\util\color.cpp">
      <Filter>util</Filter>
    </ClCompile>
    <ClCompile Include="src\util\bsp_sd_diskio.c">
      <Filter>util</Filter>
    </ClCompile>
    <ClCompile Include="src\hid\midi.cpp">
      <Filter>hid</Filter>
    </ClCompile>
    <ClCompile Include="src\usbd\usbd_cdc_if.c">
      <Filter>usbd</Filter>
    </ClCompile>
    <ClCompile Include="src\usbd\usbd_conf.c">
      <Filter>usbd</Filter>
    </ClCompile>
    <ClCompile Include="src\usbd\usbd_desc.c">
      <Filter>usbd</Filter>
    </ClCompile>
    <ClCompile Include="src\daisy_field.cpp">
      <Filter>boards</Filter>
    </ClCompile>
    <ClCompile Include="src\daisy_patch.cpp">
      <Filter>boards</Filter>
    </ClCompile>
    <ClCompile Include="src\daisy_petal.cpp">
      <Filter>boards</Filter>
    </ClCompile>
    <ClCompile Include="src\daisy_pod.cpp">
      <Filter>boards</Filter>
    </ClCompile>
    <ClCompile Include="src\daisy_seed.cpp">
      <Filter>boards</Filter>
    </ClCompile>
    <ClCompile Include="src\per\sai.cpp">
      <Filter>per</Filter>
    </ClCompile>
    <ClCompile Include="src\hid\audio.cpp">
      <Filter>hid</Filter>
    </ClCompile>
    <ClCompile Include="src\daisy_versio.cpp">
      <Filter>boards</Filter>
    </ClCompile>
    <ClCompile Include="src\daisy_legio.cpp">
      <Filter>boards</Filter>
    </ClCompile>
    <ClCompile Include="src\dev\codec_pcm3060.cpp">
      <Filter>dev</Filter>
    </ClCompile>
    <ClCompile Include="src\sys\system.cpp">
      <Filter>sys</Filter>
    </ClCompile>
    <ClCompile Include="src\hid\logger.cpp">
      <Filter>hid</Filter>
    </ClCompile>
    <ClCompile Include="src\dev\codec_ak4556.cpp">
      <Filter>dev</Filter>
    </ClCompile>
    <ClCompile Include="src\per\tim.cpp" />
    <ClCompile Include="src\dev\sr_595.cpp">
      <Filter>dev</Filter>
    </ClCompile>
    <ClCompile Include="src\dev\codec_wm8731.cpp">
      <Filter>dev</Filter>
    </ClCompile>
    <ClCompile Include="src\per\dac.cpp">
      <Filter>per</Filter>
    </ClCompile>
    <ClCompile Include="src\util\WaveTableLoader.cpp">
      <Filter>util</Filter>
    </ClCompile>
  </ItemGroup>
  <ItemGroup>
    <ClInclude Include="Drivers\STM32H7xx_HAL_Driver\Inc\Legacy\stm32_hal_legacy.h">
      <Filter>HAL</Filter>
    </ClInclude>
    <ClInclude Include="Drivers\STM32H7xx_HAL_Driver\Inc\stm32h7xx_hal.h">
      <Filter>HAL</Filter>
    </ClInclude>
    <ClInclude Include="Drivers\STM32H7xx_HAL_Driver\Inc\stm32h7xx_hal_adc.h">
      <Filter>HAL</Filter>
    </ClInclude>
    <ClInclude Include="Drivers\STM32H7xx_HAL_Driver\Inc\stm32h7xx_hal_adc_ex.h">
      <Filter>HAL</Filter>
    </ClInclude>
    <ClInclude Include="Drivers\STM32H7xx_HAL_Driver\Inc\stm32h7xx_hal_cec.h">
      <Filter>HAL</Filter>
    </ClInclude>
    <ClInclude Include="Drivers\STM32H7xx_HAL_Driver\Inc\stm32h7xx_hal_comp.h">
      <Filter>HAL</Filter>
    </ClInclude>
    <ClInclude Include="Drivers\STM32H7xx_HAL_Driver\Inc\stm32h7xx_hal_conf_template.h">
      <Filter>HAL</Filter>
    </ClInclude>
    <ClInclude Include="Drivers\STM32H7xx_HAL_Driver\Inc\stm32h7xx_hal_cortex.h">
      <Filter>HAL</Filter>
    </ClInclude>
    <ClInclude Include="Drivers\STM32H7xx_HAL_Driver\Inc\stm32h7xx_hal_crc.h">
      <Filter>HAL</Filter>
    </ClInclude>
    <ClInclude Include="Drivers\STM32H7xx_HAL_Driver\Inc\stm32h7xx_hal_crc_ex.h">
      <Filter>HAL</Filter>
    </ClInclude>
    <ClInclude Include="Drivers\STM32H7xx_HAL_Driver\Inc\stm32h7xx_hal_cryp.h">
      <Filter>HAL</Filter>
    </ClInclude>
    <ClInclude Include="Drivers\STM32H7xx_HAL_Driver\Inc\stm32h7xx_hal_cryp_ex.h">
      <Filter>HAL</Filter>
    </ClInclude>
    <ClInclude Include="Drivers\STM32H7xx_HAL_Driver\Inc\stm32h7xx_hal_dac.h">
      <Filter>HAL</Filter>
    </ClInclude>
    <ClInclude Include="Drivers\STM32H7xx_HAL_Driver\Inc\stm32h7xx_hal_dac_ex.h">
      <Filter>HAL</Filter>
    </ClInclude>
    <ClInclude Include="Drivers\STM32H7xx_HAL_Driver\Inc\stm32h7xx_hal_dcmi.h">
      <Filter>HAL</Filter>
    </ClInclude>
    <ClInclude Include="Drivers\STM32H7xx_HAL_Driver\Inc\stm32h7xx_hal_def.h">
      <Filter>HAL</Filter>
    </ClInclude>
    <ClInclude Include="Drivers\STM32H7xx_HAL_Driver\Inc\stm32h7xx_hal_dfsdm.h">
      <Filter>HAL</Filter>
    </ClInclude>
    <ClInclude Include="Drivers\STM32H7xx_HAL_Driver\Inc\stm32h7xx_hal_dma.h">
      <Filter>HAL</Filter>
    </ClInclude>
    <ClInclude Include="Drivers\STM32H7xx_HAL_Driver\Inc\stm32h7xx_hal_dma_ex.h">
      <Filter>HAL</Filter>
    </ClInclude>
    <ClInclude Include="Drivers\STM32H7xx_HAL_Driver\Inc\stm32h7xx_hal_dma2d.h">
      <Filter>HAL</Filter>
    </ClInclude>
    <ClInclude Include="Drivers\STM32H7xx_HAL_Driver\Inc\stm32h7xx_hal_dsi.h">
      <Filter>HAL</Filter>
    </ClInclude>
    <ClInclude Include="Drivers\STM32H7xx_HAL_Driver\Inc\stm32h7xx_hal_eth.h">
      <Filter>HAL</Filter>
    </ClInclude>
    <ClInclude Include="Drivers\STM32H7xx_HAL_Driver\Inc\stm32h7xx_hal_eth_ex.h">
      <Filter>HAL</Filter>
    </ClInclude>
    <ClInclude Include="Drivers\STM32H7xx_HAL_Driver\Inc\stm32h7xx_hal_exti.h">
      <Filter>HAL</Filter>
    </ClInclude>
    <ClInclude Include="Drivers\STM32H7xx_HAL_Driver\Inc\stm32h7xx_hal_fdcan.h">
      <Filter>HAL</Filter>
    </ClInclude>
    <ClInclude Include="Drivers\STM32H7xx_HAL_Driver\Inc\stm32h7xx_hal_flash.h">
      <Filter>HAL</Filter>
    </ClInclude>
    <ClInclude Include="Drivers\STM32H7xx_HAL_Driver\Inc\stm32h7xx_hal_flash_ex.h">
      <Filter>HAL</Filter>
    </ClInclude>
    <ClInclude Include="Drivers\STM32H7xx_HAL_Driver\Inc\stm32h7xx_hal_gpio.h">
      <Filter>HAL</Filter>
    </ClInclude>
    <ClInclude Include="Drivers\STM32H7xx_HAL_Driver\Inc\stm32h7xx_hal_gpio_ex.h">
      <Filter>HAL</Filter>
    </ClInclude>
    <ClInclude Include="Drivers\STM32H7xx_HAL_Driver\Inc\stm32h7xx_hal_hash.h">
      <Filter>HAL</Filter>
    </ClInclude>
    <ClInclude Include="Drivers\STM32H7xx_HAL_Driver\Inc\stm32h7xx_hal_hash_ex.h">
      <Filter>HAL</Filter>
    </ClInclude>
    <ClInclude Include="Drivers\STM32H7xx_HAL_Driver\Inc\stm32h7xx_hal_hcd.h">
      <Filter>HAL</Filter>
    </ClInclude>
    <ClInclude Include="Drivers\STM32H7xx_HAL_Driver\Inc\stm32h7xx_hal_hrtim.h">
      <Filter>HAL</Filter>
    </ClInclude>
    <ClInclude Include="Drivers\STM32H7xx_HAL_Driver\Inc\stm32h7xx_hal_hsem.h">
      <Filter>HAL</Filter>
    </ClInclude>
    <ClInclude Include="Drivers\STM32H7xx_HAL_Driver\Inc\stm32h7xx_hal_i2c.h">
      <Filter>HAL</Filter>
    </ClInclude>
    <ClInclude Include="Drivers\STM32H7xx_HAL_Driver\Inc\stm32h7xx_hal_i2c_ex.h">
      <Filter>HAL</Filter>
    </ClInclude>
    <ClInclude Include="Drivers\STM32H7xx_HAL_Driver\Inc\stm32h7xx_hal_i2s.h">
      <Filter>HAL</Filter>
    </ClInclude>
    <ClInclude Include="Drivers\STM32H7xx_HAL_Driver\Inc\stm32h7xx_hal_i2s_ex.h">
      <Filter>HAL</Filter>
    </ClInclude>
    <ClInclude Include="Drivers\STM32H7xx_HAL_Driver\Inc\stm32h7xx_hal_irda.h">
      <Filter>HAL</Filter>
    </ClInclude>
    <ClInclude Include="Drivers\STM32H7xx_HAL_Driver\Inc\stm32h7xx_hal_irda_ex.h">
      <Filter>HAL</Filter>
    </ClInclude>
    <ClInclude Include="Drivers\STM32H7xx_HAL_Driver\Inc\stm32h7xx_hal_iwdg.h">
      <Filter>HAL</Filter>
    </ClInclude>
    <ClInclude Include="Drivers\STM32H7xx_HAL_Driver\Inc\stm32h7xx_hal_jpeg.h">
      <Filter>HAL</Filter>
    </ClInclude>
    <ClInclude Include="Drivers\STM32H7xx_HAL_Driver\Inc\stm32h7xx_hal_lptim.h">
      <Filter>HAL</Filter>
    </ClInclude>
    <ClInclude Include="Drivers\STM32H7xx_HAL_Driver\Inc\stm32h7xx_hal_ltdc.h">
      <Filter>HAL</Filter>
    </ClInclude>
    <ClInclude Include="Drivers\STM32H7xx_HAL_Driver\Inc\stm32h7xx_hal_ltdc_ex.h">
      <Filter>HAL</Filter>
    </ClInclude>
    <ClInclude Include="Drivers\STM32H7xx_HAL_Driver\Inc\stm32h7xx_hal_mdios.h">
      <Filter>HAL</Filter>
    </ClInclude>
    <ClInclude Include="Drivers\STM32H7xx_HAL_Driver\Inc\stm32h7xx_hal_mdma.h">
      <Filter>HAL</Filter>
    </ClInclude>
    <ClInclude Include="Drivers\STM32H7xx_HAL_Driver\Inc\stm32h7xx_hal_mmc.h">
      <Filter>HAL</Filter>
    </ClInclude>
    <ClInclude Include="Drivers\STM32H7xx_HAL_Driver\Inc\stm32h7xx_hal_mmc_ex.h">
      <Filter>HAL</Filter>
    </ClInclude>
    <ClInclude Include="Drivers\STM32H7xx_HAL_Driver\Inc\stm32h7xx_hal_nand.h">
      <Filter>HAL</Filter>
    </ClInclude>
    <ClInclude Include="Drivers\STM32H7xx_HAL_Driver\Inc\stm32h7xx_hal_nor.h">
      <Filter>HAL</Filter>
    </ClInclude>
    <ClInclude Include="Drivers\STM32H7xx_HAL_Driver\Inc\stm32h7xx_hal_opamp.h">
      <Filter>HAL</Filter>
    </ClInclude>
    <ClInclude Include="Drivers\STM32H7xx_HAL_Driver\Inc\stm32h7xx_hal_opamp_ex.h">
      <Filter>HAL</Filter>
    </ClInclude>
    <ClInclude Include="Drivers\STM32H7xx_HAL_Driver\Inc\stm32h7xx_hal_pcd.h">
      <Filter>HAL</Filter>
    </ClInclude>
    <ClInclude Include="Drivers\STM32H7xx_HAL_Driver\Inc\stm32h7xx_hal_pcd_ex.h">
      <Filter>HAL</Filter>
    </ClInclude>
    <ClInclude Include="Drivers\STM32H7xx_HAL_Driver\Inc\stm32h7xx_hal_pwr.h">
      <Filter>HAL</Filter>
    </ClInclude>
    <ClInclude Include="Drivers\STM32H7xx_HAL_Driver\Inc\stm32h7xx_hal_pwr_ex.h">
      <Filter>HAL</Filter>
    </ClInclude>
    <ClInclude Include="Drivers\STM32H7xx_HAL_Driver\Inc\stm32h7xx_hal_qspi.h">
      <Filter>HAL</Filter>
    </ClInclude>
    <ClInclude Include="Drivers\STM32H7xx_HAL_Driver\Inc\stm32h7xx_hal_ramecc.h">
      <Filter>HAL</Filter>
    </ClInclude>
    <ClInclude Include="Drivers\STM32H7xx_HAL_Driver\Inc\stm32h7xx_hal_rcc.h">
      <Filter>HAL</Filter>
    </ClInclude>
    <ClInclude Include="Drivers\STM32H7xx_HAL_Driver\Inc\stm32h7xx_hal_rcc_ex.h">
      <Filter>HAL</Filter>
    </ClInclude>
    <ClInclude Include="Drivers\STM32H7xx_HAL_Driver\Inc\stm32h7xx_hal_rng.h">
      <Filter>HAL</Filter>
    </ClInclude>
    <ClInclude Include="Drivers\STM32H7xx_HAL_Driver\Inc\stm32h7xx_hal_rtc.h">
      <Filter>HAL</Filter>
    </ClInclude>
    <ClInclude Include="Drivers\STM32H7xx_HAL_Driver\Inc\stm32h7xx_hal_rtc_ex.h">
      <Filter>HAL</Filter>
    </ClInclude>
    <ClInclude Include="Drivers\STM32H7xx_HAL_Driver\Inc\stm32h7xx_hal_sai.h">
      <Filter>HAL</Filter>
    </ClInclude>
    <ClInclude Include="Drivers\STM32H7xx_HAL_Driver\Inc\stm32h7xx_hal_sai_ex.h">
      <Filter>HAL</Filter>
    </ClInclude>
    <ClInclude Include="Drivers\STM32H7xx_HAL_Driver\Inc\stm32h7xx_hal_sd.h">
      <Filter>HAL</Filter>
    </ClInclude>
    <ClInclude Include="Drivers\STM32H7xx_HAL_Driver\Inc\stm32h7xx_hal_sd_ex.h">
      <Filter>HAL</Filter>
    </ClInclude>
    <ClInclude Include="Drivers\STM32H7xx_HAL_Driver\Inc\stm32h7xx_hal_sdram.h">
      <Filter>HAL</Filter>
    </ClInclude>
    <ClInclude Include="Drivers\STM32H7xx_HAL_Driver\Inc\stm32h7xx_hal_smartcard.h">
      <Filter>HAL</Filter>
    </ClInclude>
    <ClInclude Include="Drivers\STM32H7xx_HAL_Driver\Inc\stm32h7xx_hal_smartcard_ex.h">
      <Filter>HAL</Filter>
    </ClInclude>
    <ClInclude Include="Drivers\STM32H7xx_HAL_Driver\Inc\stm32h7xx_hal_smbus.h">
      <Filter>HAL</Filter>
    </ClInclude>
    <ClInclude Include="Drivers\STM32H7xx_HAL_Driver\Inc\stm32h7xx_hal_spdifrx.h">
      <Filter>HAL</Filter>
    </ClInclude>
    <ClInclude Include="Drivers\STM32H7xx_HAL_Driver\Inc\stm32h7xx_hal_spi.h">
      <Filter>HAL</Filter>
    </ClInclude>
    <ClInclude Include="Drivers\STM32H7xx_HAL_Driver\Inc\stm32h7xx_hal_spi_ex.h">
      <Filter>HAL</Filter>
    </ClInclude>
    <ClInclude Include="Drivers\STM32H7xx_HAL_Driver\Inc\stm32h7xx_hal_sram.h">
      <Filter>HAL</Filter>
    </ClInclude>
    <ClInclude Include="Drivers\STM32H7xx_HAL_Driver\Inc\stm32h7xx_hal_swpmi.h">
      <Filter>HAL</Filter>
    </ClInclude>
    <ClInclude Include="Drivers\STM32H7xx_HAL_Driver\Inc\stm32h7xx_hal_tim.h">
      <Filter>HAL</Filter>
    </ClInclude>
    <ClInclude Include="Drivers\STM32H7xx_HAL_Driver\Inc\stm32h7xx_hal_tim_ex.h">
      <Filter>HAL</Filter>
    </ClInclude>
    <ClInclude Include="Drivers\STM32H7xx_HAL_Driver\Inc\stm32h7xx_hal_uart.h">
      <Filter>HAL</Filter>
    </ClInclude>
    <ClInclude Include="Drivers\STM32H7xx_HAL_Driver\Inc\stm32h7xx_hal_uart_ex.h">
      <Filter>HAL</Filter>
    </ClInclude>
    <ClInclude Include="Drivers\STM32H7xx_HAL_Driver\Inc\stm32h7xx_hal_usart.h">
      <Filter>HAL</Filter>
    </ClInclude>
    <ClInclude Include="Drivers\STM32H7xx_HAL_Driver\Inc\stm32h7xx_hal_usart_ex.h">
      <Filter>HAL</Filter>
    </ClInclude>
    <ClInclude Include="Drivers\STM32H7xx_HAL_Driver\Inc\stm32h7xx_hal_wwdg.h">
      <Filter>HAL</Filter>
    </ClInclude>
    <ClInclude Include="Drivers\STM32H7xx_HAL_Driver\Inc\stm32h7xx_ll_adc.h">
      <Filter>HAL</Filter>
    </ClInclude>
    <ClInclude Include="Drivers\STM32H7xx_HAL_Driver\Inc\stm32h7xx_ll_bdma.h">
      <Filter>HAL</Filter>
    </ClInclude>
    <ClInclude Include="Drivers\STM32H7xx_HAL_Driver\Inc\stm32h7xx_ll_bus.h">
      <Filter>HAL</Filter>
    </ClInclude>
    <ClInclude Include="Drivers\STM32H7xx_HAL_Driver\Inc\stm32h7xx_ll_comp.h">
      <Filter>HAL</Filter>
    </ClInclude>
    <ClInclude Include="Drivers\STM32H7xx_HAL_Driver\Inc\stm32h7xx_ll_cortex.h">
      <Filter>HAL</Filter>
    </ClInclude>
    <ClInclude Include="Drivers\STM32H7xx_HAL_Driver\Inc\stm32h7xx_ll_crc.h">
      <Filter>HAL</Filter>
    </ClInclude>
    <ClInclude Include="Drivers\STM32H7xx_HAL_Driver\Inc\stm32h7xx_ll_dac.h">
      <Filter>HAL</Filter>
    </ClInclude>
    <ClInclude Include="Drivers\STM32H7xx_HAL_Driver\Inc\stm32h7xx_ll_delayblock.h">
      <Filter>HAL</Filter>
    </ClInclude>
    <ClInclude Include="Drivers\STM32H7xx_HAL_Driver\Inc\stm32h7xx_ll_dma.h">
      <Filter>HAL</Filter>
    </ClInclude>
    <ClInclude Include="Drivers\STM32H7xx_HAL_Driver\Inc\stm32h7xx_ll_dma2d.h">
      <Filter>HAL</Filter>
    </ClInclude>
    <ClInclude Include="Drivers\STM32H7xx_HAL_Driver\Inc\stm32h7xx_ll_dmamux.h">
      <Filter>HAL</Filter>
    </ClInclude>
    <ClInclude Include="Drivers\STM32H7xx_HAL_Driver\Inc\stm32h7xx_ll_exti.h">
      <Filter>HAL</Filter>
    </ClInclude>
    <ClInclude Include="Drivers\STM32H7xx_HAL_Driver\Inc\stm32h7xx_ll_fmc.h">
      <Filter>HAL</Filter>
    </ClInclude>
    <ClInclude Include="Drivers\STM32H7xx_HAL_Driver\Inc\stm32h7xx_ll_gpio.h">
      <Filter>HAL</Filter>
    </ClInclude>
    <ClInclude Include="Drivers\STM32H7xx_HAL_Driver\Inc\stm32h7xx_ll_hrtim.h">
      <Filter>HAL</Filter>
    </ClInclude>
    <ClInclude Include="Drivers\STM32H7xx_HAL_Driver\Inc\stm32h7xx_ll_hsem.h">
      <Filter>HAL</Filter>
    </ClInclude>
    <ClInclude Include="Drivers\STM32H7xx_HAL_Driver\Inc\stm32h7xx_ll_i2c.h">
      <Filter>HAL</Filter>
    </ClInclude>
    <ClInclude Include="Drivers\STM32H7xx_HAL_Driver\Inc\stm32h7xx_ll_iwdg.h">
      <Filter>HAL</Filter>
    </ClInclude>
    <ClInclude Include="Drivers\STM32H7xx_HAL_Driver\Inc\stm32h7xx_ll_lptim.h">
      <Filter>HAL</Filter>
    </ClInclude>
    <ClInclude Include="Drivers\STM32H7xx_HAL_Driver\Inc\stm32h7xx_ll_lpuart.h">
      <Filter>HAL</Filter>
    </ClInclude>
    <ClInclude Include="Drivers\STM32H7xx_HAL_Driver\Inc\stm32h7xx_ll_mdma.h">
      <Filter>HAL</Filter>
    </ClInclude>
    <ClInclude Include="Drivers\STM32H7xx_HAL_Driver\Inc\stm32h7xx_ll_opamp.h">
      <Filter>HAL</Filter>
    </ClInclude>
    <ClInclude Include="Drivers\STM32H7xx_HAL_Driver\Inc\stm32h7xx_ll_pwr.h">
      <Filter>HAL</Filter>
    </ClInclude>
    <ClInclude Include="Drivers\STM32H7xx_HAL_Driver\Inc\stm32h7xx_ll_rcc.h">
      <Filter>HAL</Filter>
    </ClInclude>
    <ClInclude Include="Drivers\STM32H7xx_HAL_Driver\Inc\stm32h7xx_ll_rng.h">
      <Filter>HAL</Filter>
    </ClInclude>
    <ClInclude Include="Drivers\STM32H7xx_HAL_Driver\Inc\stm32h7xx_ll_rtc.h">
      <Filter>HAL</Filter>
    </ClInclude>
    <ClInclude Include="Drivers\STM32H7xx_HAL_Driver\Inc\stm32h7xx_ll_sdmmc.h">
      <Filter>HAL</Filter>
    </ClInclude>
    <ClInclude Include="Drivers\STM32H7xx_HAL_Driver\Inc\stm32h7xx_ll_spi.h">
      <Filter>HAL</Filter>
    </ClInclude>
    <ClInclude Include="Drivers\STM32H7xx_HAL_Driver\Inc\stm32h7xx_ll_swpmi.h">
      <Filter>HAL</Filter>
    </ClInclude>
    <ClInclude Include="Drivers\STM32H7xx_HAL_Driver\Inc\stm32h7xx_ll_system.h">
      <Filter>HAL</Filter>
    </ClInclude>
    <ClInclude Include="Drivers\STM32H7xx_HAL_Driver\Inc\stm32h7xx_ll_tim.h">
      <Filter>HAL</Filter>
    </ClInclude>
    <ClInclude Include="Drivers\STM32H7xx_HAL_Driver\Inc\stm32h7xx_ll_usart.h">
      <Filter>HAL</Filter>
    </ClInclude>
    <ClInclude Include="Drivers\STM32H7xx_HAL_Driver\Inc\stm32h7xx_ll_usb.h">
      <Filter>HAL</Filter>
    </ClInclude>
    <ClInclude Include="Drivers\STM32H7xx_HAL_Driver\Inc\stm32h7xx_ll_utils.h">
      <Filter>HAL</Filter>
    </ClInclude>
    <ClInclude Include="Drivers\STM32H7xx_HAL_Driver\Inc\stm32h7xx_ll_wwdg.h">
      <Filter>HAL</Filter>
    </ClInclude>
    <ClInclude Include="Drivers\CMSIS\Include\cmsis_armcc.h">
      <Filter>CMSIS</Filter>
    </ClInclude>
    <ClInclude Include="Drivers\CMSIS\Include\cmsis_armclang.h">
      <Filter>CMSIS</Filter>
    </ClInclude>
    <ClInclude Include="Drivers\CMSIS\Include\cmsis_compiler.h">
      <Filter>CMSIS</Filter>
    </ClInclude>
    <ClInclude Include="Drivers\CMSIS\Include\cmsis_gcc.h">
      <Filter>CMSIS</Filter>
    </ClInclude>
    <ClInclude Include="Drivers\CMSIS\Include\core_armv8mbl.h">
      <Filter>CMSIS</Filter>
    </ClInclude>
    <ClInclude Include="Drivers\CMSIS\Include\core_armv8mml.h">
      <Filter>CMSIS</Filter>
    </ClInclude>
    <ClInclude Include="Drivers\CMSIS\Include\core_cm0.h">
      <Filter>CMSIS</Filter>
    </ClInclude>
    <ClInclude Include="Drivers\CMSIS\Include\core_cm0plus.h">
      <Filter>CMSIS</Filter>
    </ClInclude>
    <ClInclude Include="Drivers\CMSIS\Include\core_cm3.h">
      <Filter>CMSIS</Filter>
    </ClInclude>
    <ClInclude Include="Drivers\CMSIS\Include\core_cm4.h">
      <Filter>CMSIS</Filter>
    </ClInclude>
    <ClInclude Include="Drivers\CMSIS\Include\core_cm7.h">
      <Filter>CMSIS</Filter>
    </ClInclude>
    <ClInclude Include="Drivers\CMSIS\Include\core_cm23.h">
      <Filter>CMSIS</Filter>
    </ClInclude>
    <ClInclude Include="Drivers\CMSIS\Include\core_cm33.h">
      <Filter>CMSIS</Filter>
    </ClInclude>
    <ClInclude Include="Drivers\CMSIS\Include\core_sc000.h">
      <Filter>CMSIS</Filter>
    </ClInclude>
    <ClInclude Include="Drivers\CMSIS\Include\core_sc300.h">
      <Filter>CMSIS</Filter>
    </ClInclude>
    <ClInclude Include="Middlewares\Third_Party\FatFs\src\diskio.h">
      <Filter>Middleware_FatFS</Filter>
    </ClInclude>
    <ClInclude Include="Middlewares\Third_Party\FatFs\src\ff.h">
      <Filter>Middleware_FatFS</Filter>
    </ClInclude>
    <ClInclude Include="Middlewares\Third_Party\FatFs\src\ff_gen_drv.h">
      <Filter>Middleware_FatFS</Filter>
    </ClInclude>
    <ClInclude Include="Middlewares\Third_Party\FatFs\src\integer.h">
      <Filter>Middleware_FatFS</Filter>
    </ClInclude>
    <ClInclude Include="Drivers\CMSIS\Include\tz_context.h">
      <Filter>CMSIS</Filter>
    </ClInclude>
    <ClInclude Include="Middlewares\ST\STM32_USB_Device_Library\Class\CDC\Inc\usbd_cdc.h">
      <Filter>Middleware_USB</Filter>
    </ClInclude>
    <ClInclude Include="Middlewares\ST\STM32_USB_Device_Library\Core\Inc\usbd_core.h">
      <Filter>Middleware_USB</Filter>
    </ClInclude>
    <ClInclude Include="Middlewares\ST\STM32_USB_Device_Library\Core\Inc\usbd_ctlreq.h">
      <Filter>Middleware_USB</Filter>
    </ClInclude>
    <ClInclude Include="Middlewares\ST\STM32_USB_Device_Library\Core\Inc\usbd_ioreq.h">
      <Filter>Middleware_USB</Filter>
    </ClInclude>
    <ClInclude Include="Drivers\CMSIS\Device\ST\STM32H7xx\Include\stm32h750xx.h">
      <Filter>CMSIS</Filter>
    </ClInclude>
    <ClInclude Include="Drivers\STM32H7xx_HAL_Driver\Inc\stm32_assert_template.h">
      <Filter>HAL</Filter>
    </ClInclude>
    <ClInclude Include="src\daisy.h" />
    <ClInclude Include="src\daisy_core.h" />
    <ClInclude Include="src\sys\system.h">
      <Filter>sys</Filter>
    </ClInclude>
    <ClInclude Include="src\sys\fatfs.h">
      <Filter>sys</Filter>
    </ClInclude>
    <ClInclude Include="src\sys\ffconf.h">
      <Filter>sys</Filter>
    </ClInclude>
    <ClInclude Include="src\sys\stm32h7xx_hal_conf.h">
      <Filter>sys</Filter>
    </ClInclude>
    <ClInclude Include="src\sys\dma.h">
      <Filter>sys</Filter>
    </ClInclude>
    <ClInclude Include="src\per\adc.h">
      <Filter>per</Filter>
    </ClInclude>
    <ClInclude Include="src\per\dac.h">
      <Filter>per</Filter>
    </ClInclude>
    <ClInclude Include="src\per\gpio.h">
      <Filter>per</Filter>
    </ClInclude>
    <ClInclude Include="src\per\i2c.h">
      <Filter>per</Filter>
    </ClInclude>
    <ClInclude Include="src\per\qspi.h">
      <Filter>per</Filter>
    </ClInclude>
    <ClInclude Include="src\per\sai.h">
      <Filter>per</Filter>
    </ClInclude>
    <ClInclude Include="src\per\sdmmc.h">
      <Filter>per</Filter>
    </ClInclude>
    <ClInclude Include="src\per\spi.h">
      <Filter>per</Filter>
    </ClInclude>
    <ClInclude Include="src\per\tim.h">
      <Filter>per</Filter>
    </ClInclude>
    <ClInclude Include="src\per\uart.h">
      <Filter>per</Filter>
    </ClInclude>
    <ClInclude Include="src\hid\audio.h">
      <Filter>hid</Filter>
    </ClInclude>
    <ClInclude Include="src\hid\ctrl.h">
      <Filter>hid</Filter>
    </ClInclude>
    <ClInclude Include="src\hid\encoder.h">
      <Filter>hid</Filter>
    </ClInclude>
    <ClInclude Include="src\hid\gatein.h">
      <Filter>hid</Filter>
    </ClInclude>
    <ClInclude Include="src\hid\led.h">
      <Filter>hid</Filter>
    </ClInclude>
    <ClInclude Include="src\hid\oled_display.h">
      <Filter>hid</Filter>
    </ClInclude>
    <ClInclude Include="src\hid\parameter.h">
      <Filter>hid</Filter>
    </ClInclude>
    <ClInclude Include="src\hid\rgb_led.h">
      <Filter>hid</Filter>
    </ClInclude>
    <ClInclude Include="src\hid\switch.h">
      <Filter>hid</Filter>
    </ClInclude>
    <ClInclude Include="src\hid\usb.h">
      <Filter>hid</Filter>
    </ClInclude>
    <ClInclude Include="src\hid\wavplayer.h">
      <Filter>hid</Filter>
    </ClInclude>
    <ClInclude Include="src\dev\codec_ak4556.h">
      <Filter>dev</Filter>
    </ClInclude>
    <ClInclude Include="src\dev\flash_IS25LP064A.h">
      <Filter>dev</Filter>
    </ClInclude>
    <ClInclude Include="src\dev\flash_IS25LP080D.h">
      <Filter>dev</Filter>
    </ClInclude>
    <ClInclude Include="src\dev\sr_4021.h">
      <Filter>dev</Filter>
    </ClInclude>
    <ClInclude Include="src\dev\sr_595.h">
      <Filter>dev</Filter>
    </ClInclude>
    <ClInclude Include="src\dev\leddriver.h">
      <Filter>dev</Filter>
    </ClInclude>
    <ClInclude Include="src\dev\sdram.h">
      <Filter>dev</Filter>
    </ClInclude>
    <ClInclude Include="src\util\wav_format.h">
      <Filter>util</Filter>
    </ClInclude>
    <ClInclude Include="src\util\unique_id.h">
      <Filter>util</Filter>
    </ClInclude>
    <ClInclude Include="src\util\sd_diskio.h">
      <Filter>util</Filter>
    </ClInclude>
    <ClInclude Include="src\util\scopedirqblocker.h">
      <Filter>util</Filter>
    </ClInclude>
    <ClInclude Include="src\util\ringbuffer.h">
      <Filter>util</Filter>
    </ClInclude>
    <ClInclude Include="src\util\oled_fonts.h">
      <Filter>util</Filter>
    </ClInclude>
    <ClInclude Include="src\util\hal_map.h">
      <Filter>util</Filter>
    </ClInclude>
    <ClInclude Include="src\util\color.h">
      <Filter>util</Filter>
    </ClInclude>
    <ClInclude Include="src\util\bsp_sd_diskio.h">
      <Filter>util</Filter>
    </ClInclude>
    <ClInclude Include="src\hid\midi.h">
      <Filter>hid</Filter>
    </ClInclude>
    <ClInclude Include="src\usbd\usbd_cdc_if.h">
      <Filter>usbd</Filter>
    </ClInclude>
    <ClInclude Include="src\usbd\usbd_conf.h">
      <Filter>usbd</Filter>
    </ClInclude>
    <ClInclude Include="src\usbd\usbd_desc.h">
      <Filter>usbd</Filter>
    </ClInclude>
    <ClInclude Include="src\daisy_field.h">
      <Filter>boards</Filter>
    </ClInclude>
    <ClInclude Include="src\daisy_patch.h">
      <Filter>boards</Filter>
    </ClInclude>
    <ClInclude Include="src\daisy_petal.h">
      <Filter>boards</Filter>
    </ClInclude>
    <ClInclude Include="src\daisy_pod.h">
      <Filter>boards</Filter>
    </ClInclude>
    <ClInclude Include="src\daisy_seed.h">
      <Filter>boards</Filter>
    </ClInclude>
    <ClInclude Include="src\hid\switch3.h">
      <Filter>hid</Filter>
    </ClInclude>
    <ClInclude Include="src\daisy_versio.h">
      <Filter>boards</Filter>
    </ClInclude>
    <ClInclude Include="src\daisy_legio.h">
      <Filter>boards</Filter>
    </ClInclude>
    <ClInclude Include="src\dev\codec_pcm3060.h">
      <Filter>dev</Filter>
    </ClInclude>
    <ClInclude Include="src\hid\logger.h">
      <Filter>hid</Filter>
    </ClInclude>
    <ClInclude Include="src\hid\logger_impl.h">
      <Filter>hid</Filter>
    </ClInclude>
    <ClInclude Include="src\dev\codec_wm8731.h">
      <Filter>dev</Filter>
    </ClInclude>
    <ClInclude Include="src\util\WaveTableLoader.h">
      <Filter>util</Filter>
    </ClInclude>
    <ClInclude Include="src\util\WavWriter.h">
      <Filter>util</Filter>
    </ClInclude>
  </ItemGroup>
  <ItemGroup>
    <None Include="stm32.props" />
    <None Include="libdaisy-Debug.vgdbsettings" />
    <None Include="libdaisy-Release.vgdbsettings" />
    <None Include="stm32.xml" />
  </ItemGroup>
  <ItemGroup>
    <Filter Include="HAL">
      <UniqueIdentifier>{8c8f8771-ea73-443a-9177-a07a6fc5c893}</UniqueIdentifier>
    </Filter>
    <Filter Include="CMSIS">
      <UniqueIdentifier>{f307236b-3912-4cbe-8df4-07a88c78e270}</UniqueIdentifier>
    </Filter>
    <Filter Include="Middleware_USB">
      <UniqueIdentifier>{4bd31ebd-a7a9-488b-ba38-5b686f126430}</UniqueIdentifier>
    </Filter>
    <Filter Include="Middleware_FatFS">
      <UniqueIdentifier>{0c75ac56-378f-4bfe-9776-3bfd88231752}</UniqueIdentifier>
    </Filter>
    <Filter Include="Device-specific files">
      <UniqueIdentifier>{9a2cb93d-8359-431a-9b73-85f19ad83902}</UniqueIdentifier>
    </Filter>
    <Filter Include="VisualGDB settings">
      <UniqueIdentifier>{6962d58c-c4e1-4ae2-a369-9f41fa5a2572}</UniqueIdentifier>
    </Filter>
    <Filter Include="sys">
      <UniqueIdentifier>{e5897b1d-950f-4d07-bada-c8c49a70c198}</UniqueIdentifier>
    </Filter>
    <Filter Include="per">
      <UniqueIdentifier>{e79bc437-e735-416b-a7f3-5764c4fc2afa}</UniqueIdentifier>
    </Filter>
    <Filter Include="hid">
      <UniqueIdentifier>{9942455a-4756-43b9-9272-401a2c86e492}</UniqueIdentifier>
    </Filter>
    <Filter Include="dev">
      <UniqueIdentifier>{9018304c-9d07-4d22-8457-3cdc11480bb5}</UniqueIdentifier>
    </Filter>
    <Filter Include="util">
      <UniqueIdentifier>{68254c6f-3c43-4c0e-9f8d-6ad9b1086bf0}</UniqueIdentifier>
    </Filter>
    <Filter Include="usbd">
      <UniqueIdentifier>{234f1ff0-c95c-4f1f-9389-4e9804033584}</UniqueIdentifier>
    </Filter>
    <Filter Include="boards">
      <UniqueIdentifier>{6f3e94cb-2892-489f-9425-85b28f730729}</UniqueIdentifier>
    </Filter>
  </ItemGroup>
</Project>